
Microsoft Visual Studio Solution File, Format Version 12.00
# Visual Studio Version 16
VisualStudioVersion = 16.0.35130.168
MinimumVisualStudioVersion = 10.0.40219.1
Project("{FAE04EC0-301F-11D3-BF4B-00C04F79EFBC}") = "GestordeTarefasApi", "GestordeTarefasApi\GestordeTarefasApi.csproj", "{6B661334-DAA5-473B-B93B-9637811F3E87}"
EndProject
Global
	GlobalSection(SolutionConfigurationPlatforms) = preSolution
		Debug|Any CPU = Debug|Any CPU
		Release|Any CPU = Release|Any CPU
	EndGlobalSection
	GlobalSection(ProjectConfigurationPlatforms) = postSolution
		{6B661334-DAA5-473B-B93B-9637811F3E87}.Debug|Any CPU.ActiveCfg = Debug|Any CPU
		{6B661334-DAA5-473B-B93B-9637811F3E87}.Debug|Any CPU.Build.0 = Debug|Any CPU
		{6B661334-DAA5-473B-B93B-9637811F3E87}.Release|Any CPU.ActiveCfg = Release|Any CPU
		{6B661334-DAA5-473B-B93B-9637811F3E87}.Release|Any CPU.Build.0 = Release|Any CPU
	EndGlobalSection
	GlobalSection(SolutionProperties) = preSolution
		HideSolutionNode = FALSE
	EndGlobalSection
	GlobalSection(ExtensibilityGlobals) = postSolution
		SolutionGuid = {16914F0B-2264-4718-A7CE-211B67484C7A}
	EndGlobalSection
EndGlobal
